// !$*UTF8*$!
{
	archiveVersion = 1;
	classes = {
	};
	objectVersion = 56;
	objects = {

/* Begin PBXBuildFile section */
		B66C36832A5AA33A00262CCF /* Launch Screen.storyboard in Resources */ = {isa = PBXBuildFile; fileRef = B66C36822A5AA33A00262CCF /* Launch Screen.storyboard */; };
		B6CF584E2A554FDF002D2331 /* FirebaseAuth in Frameworks */ = {isa = PBXBuildFile; productRef = B6CF584D2A554FDF002D2331 /* FirebaseAuth */; };
		B6CF58502A554FDF002D2331 /* FirebaseFirestore in Frameworks */ = {isa = PBXBuildFile; productRef = B6CF584F2A554FDF002D2331 /* FirebaseFirestore */; };
		B6CF58522A554FDF002D2331 /* FirebaseFirestoreSwift in Frameworks */ = {isa = PBXBuildFile; productRef = B6CF58512A554FDF002D2331 /* FirebaseFirestoreSwift */; };
		B6CF58542A55530F002D2331 /* GoogleService-Info.plist in Resources */ = {isa = PBXBuildFile; fileRef = B6CF58532A55530E002D2331 /* GoogleService-Info.plist */; };
		B6CF585A2A555680002D2331 /* ProfileView.swift in Sources */ = {isa = PBXBuildFile; fileRef = B6CF58592A55567F002D2331 /* ProfileView.swift */; };
		B6CF585C2A555697002D2331 /* ToDoListItemView.swift in Sources */ = {isa = PBXBuildFile; fileRef = B6CF585B2A555697002D2331 /* ToDoListItemView.swift */; };
		B6CF585E2A5556B8002D2331 /* NewItemView.swift in Sources */ = {isa = PBXBuildFile; fileRef = B6CF585D2A5556B8002D2331 /* NewItemView.swift */; };
		B6CF58602A55574C002D2331 /* LoginView.swift in Sources */ = {isa = PBXBuildFile; fileRef = B6CF585F2A55574C002D2331 /* LoginView.swift */; };
		B6CF58622A555763002D2331 /* RegisterView.swift in Sources */ = {isa = PBXBuildFile; fileRef = B6CF58612A555763002D2331 /* RegisterView.swift */; };
		B6CF58642A55584A002D2331 /* ToDoListView.swift in Sources */ = {isa = PBXBuildFile; fileRef = B6CF58632A55584A002D2331 /* ToDoListView.swift */; };
		B6CF58662A55586E002D2331 /* User.swift in Sources */ = {isa = PBXBuildFile; fileRef = B6CF58652A55586E002D2331 /* User.swift */; };
		B6CF58682A55587C002D2331 /* ToDoListItem.swift in Sources */ = {isa = PBXBuildFile; fileRef = B6CF58672A55587C002D2331 /* ToDoListItem.swift */; };
		B6CF586A2A555897002D2331 /* MainViewViewModel.swift in Sources */ = {isa = PBXBuildFile; fileRef = B6CF58692A555897002D2331 /* MainViewViewModel.swift */; };
		B6CF586C2A5558A5002D2331 /* ProfileViewViewModel.swift in Sources */ = {isa = PBXBuildFile; fileRef = B6CF586B2A5558A5002D2331 /* ProfileViewViewModel.swift */; };
		B6CF586E2A5558BC002D2331 /* ToDoListItemViewViewModel.swift in Sources */ = {isa = PBXBuildFile; fileRef = B6CF586D2A5558BC002D2331 /* ToDoListItemViewViewModel.swift */; };
		B6CF58702A5558D0002D2331 /* NewItemViewViewModel.swift in Sources */ = {isa = PBXBuildFile; fileRef = B6CF586F2A5558D0002D2331 /* NewItemViewViewModel.swift */; };
		B6CF58722A555964002D2331 /* LoginViewViewModel.swift in Sources */ = {isa = PBXBuildFile; fileRef = B6CF58712A555964002D2331 /* LoginViewViewModel.swift */; };
		B6CF58742A55596F002D2331 /* RegisterViewViewModel.swift in Sources */ = {isa = PBXBuildFile; fileRef = B6CF58732A55596F002D2331 /* RegisterViewViewModel.swift */; };
		B6CF58762A55597D002D2331 /* ToDoListViewViewModel.swift in Sources */ = {isa = PBXBuildFile; fileRef = B6CF58752A55597D002D2331 /* ToDoListViewViewModel.swift */; };
		B6CF58782A555F6C002D2331 /* HeaderView.swift in Sources */ = {isa = PBXBuildFile; fileRef = B6CF58772A555F6C002D2331 /* HeaderView.swift */; };
		B6CF587A2A556DFC002D2331 /* TLButton.swift in Sources */ = {isa = PBXBuildFile; fileRef = B6CF58792A556DFC002D2331 /* TLButton.swift */; };
		B6CF587E2A569F7C002D2331 /* Extensions.swift in Sources */ = {isa = PBXBuildFile; fileRef = B6CF587D2A569F7C002D2331 /* Extensions.swift */; };
		B6DC37282A55206700C94F3D /* TodoListApp.swift in Sources */ = {isa = PBXBuildFile; fileRef = B6DC37272A55206700C94F3D /* TodoListApp.swift */; };
		B6DC372A2A55206700C94F3D /* MainView.swift in Sources */ = {isa = PBXBuildFile; fileRef = B6DC37292A55206700C94F3D /* MainView.swift */; };
		B6DC372C2A55206800C94F3D /* Assets.xcassets in Resources */ = {isa = PBXBuildFile; fileRef = B6DC372B2A55206800C94F3D /* Assets.xcassets */; };
		B6DC372F2A55206800C94F3D /* Preview Assets.xcassets in Resources */ = {isa = PBXBuildFile; fileRef = B6DC372E2A55206800C94F3D /* Preview Assets.xcassets */; };
		B6DC37392A55206800C94F3D /* TodoListTests.swift in Sources */ = {isa = PBXBuildFile; fileRef = B6DC37382A55206800C94F3D /* TodoListTests.swift */; };
		B6DC37432A55206800C94F3D /* TodoListUITests.swift in Sources */ = {isa = PBXBuildFile; fileRef = B6DC37422A55206800C94F3D /* TodoListUITests.swift */; };
		B6DC37452A55206800C94F3D /* TodoListUITestsLaunchTests.swift in Sources */ = {isa = PBXBuildFile; fileRef = B6DC37442A55206800C94F3D /* TodoListUITestsLaunchTests.swift */; };
/* End PBXBuildFile section */

/* Begin PBXContainerItemProxy section */
		B6DC37352A55206800C94F3D /* PBXContainerItemProxy */ = {
			isa = PBXContainerItemProxy;
			containerPortal = B6DC371C2A55206600C94F3D /* Project object */;
			proxyType = 1;
			remoteGlobalIDString = B6DC37232A55206600C94F3D;
			remoteInfo = TodoList;
		};
		B6DC373F2A55206800C94F3D /* PBXContainerItemProxy */ = {
			isa = PBXContainerItemProxy;
			containerPortal = B6DC371C2A55206600C94F3D /* Project object */;
			proxyType = 1;
			remoteGlobalIDString = B6DC37232A55206600C94F3D;
			remoteInfo = TodoList;
		};
/* End PBXContainerItemProxy section */

/* Begin PBXFileReference section */
		B66C36822A5AA33A00262CCF /* Launch Screen.storyboard */ = {isa = PBXFileReference; lastKnownFileType = file.storyboard; path = "Launch Screen.storyboard"; sourceTree = "<group>"; };
		B6CF58532A55530E002D2331 /* GoogleService-Info.plist */ = {isa = PBXFileReference; fileEncoding = 4; lastKnownFileType = text.plist.xml; path = "GoogleService-Info.plist"; sourceTree = "<group>"; };
		B6CF58592A55567F002D2331 /* ProfileView.swift */ = {isa = PBXFileReference; lastKnownFileType = sourcecode.swift; path = ProfileView.swift; sourceTree = "<group>"; };
		B6CF585B2A555697002D2331 /* ToDoListItemView.swift */ = {isa = PBXFileReference; lastKnownFileType = sourcecode.swift; path = ToDoListItemView.swift; sourceTree = "<group>"; };
		B6CF585D2A5556B8002D2331 /* NewItemView.swift */ = {isa = PBXFileReference; lastKnownFileType = sourcecode.swift; path = NewItemView.swift; sourceTree = "<group>"; };
		B6CF585F2A55574C002D2331 /* LoginView.swift */ = {isa = PBXFileReference; lastKnownFileType = sourcecode.swift; path = LoginView.swift; sourceTree = "<group>"; };
		B6CF58612A555763002D2331 /* RegisterView.swift */ = {isa = PBXFileReference; lastKnownFileType = sourcecode.swift; path = RegisterView.swift; sourceTree = "<group>"; };
		B6CF58632A55584A002D2331 /* ToDoListView.swift */ = {isa = PBXFileReference; lastKnownFileType = sourcecode.swift; path = ToDoListView.swift; sourceTree = "<group>"; };
		B6CF58652A55586E002D2331 /* User.swift */ = {isa = PBXFileReference; lastKnownFileType = sourcecode.swift; path = User.swift; sourceTree = "<group>"; };
		B6CF58672A55587C002D2331 /* ToDoListItem.swift */ = {isa = PBXFileReference; lastKnownFileType = sourcecode.swift; path = ToDoListItem.swift; sourceTree = "<group>"; };
		B6CF58692A555897002D2331 /* MainViewViewModel.swift */ = {isa = PBXFileReference; lastKnownFileType = sourcecode.swift; path = MainViewViewModel.swift; sourceTree = "<group>"; };
		B6CF586B2A5558A5002D2331 /* ProfileViewViewModel.swift */ = {isa = PBXFileReference; lastKnownFileType = sourcecode.swift; path = ProfileViewViewModel.swift; sourceTree = "<group>"; };
		B6CF586D2A5558BC002D2331 /* ToDoListItemViewViewModel.swift */ = {isa = PBXFileReference; lastKnownFileType = sourcecode.swift; path = ToDoListItemViewViewModel.swift; sourceTree = "<group>"; };
		B6CF586F2A5558D0002D2331 /* NewItemViewViewModel.swift */ = {isa = PBXFileReference; lastKnownFileType = sourcecode.swift; path = NewItemViewViewModel.swift; sourceTree = "<group>"; };
		B6CF58712A555964002D2331 /* LoginViewViewModel.swift */ = {isa = PBXFileReference; lastKnownFileType = sourcecode.swift; path = LoginViewViewModel.swift; sourceTree = "<group>"; };
		B6CF58732A55596F002D2331 /* RegisterViewViewModel.swift */ = {isa = PBXFileReference; lastKnownFileType = sourcecode.swift; path = RegisterViewViewModel.swift; sourceTree = "<group>"; };
		B6CF58752A55597D002D2331 /* ToDoListViewViewModel.swift */ = {isa = PBXFileReference; lastKnownFileType = sourcecode.swift; path = ToDoListViewViewModel.swift; sourceTree = "<group>"; };
		B6CF58772A555F6C002D2331 /* HeaderView.swift */ = {isa = PBXFileReference; lastKnownFileType = sourcecode.swift; path = HeaderView.swift; sourceTree = "<group>"; };
		B6CF58792A556DFC002D2331 /* TLButton.swift */ = {isa = PBXFileReference; lastKnownFileType = sourcecode.swift; path = TLButton.swift; sourceTree = "<group>"; };
		B6CF587D2A569F7C002D2331 /* Extensions.swift */ = {isa = PBXFileReference; lastKnownFileType = sourcecode.swift; path = Extensions.swift; sourceTree = "<group>"; };
		B6DC37242A55206600C94F3D /* TodoList.app */ = {isa = PBXFileReference; explicitFileType = wrapper.application; includeInIndex = 0; path = TodoList.app; sourceTree = BUILT_PRODUCTS_DIR; };
		B6DC37272A55206700C94F3D /* TodoListApp.swift */ = {isa = PBXFileReference; lastKnownFileType = sourcecode.swift; path = TodoListApp.swift; sourceTree = "<group>"; };
		B6DC37292A55206700C94F3D /* MainView.swift */ = {isa = PBXFileReference; lastKnownFileType = sourcecode.swift; path = MainView.swift; sourceTree = "<group>"; };
		B6DC372B2A55206800C94F3D /* Assets.xcassets */ = {isa = PBXFileReference; lastKnownFileType = folder.assetcatalog; path = Assets.xcassets; sourceTree = "<group>"; };
		B6DC372E2A55206800C94F3D /* Preview Assets.xcassets */ = {isa = PBXFileReference; lastKnownFileType = folder.assetcatalog; path = "Preview Assets.xcassets"; sourceTree = "<group>"; };
		B6DC37342A55206800C94F3D /* TodoListTests.xctest */ = {isa = PBXFileReference; explicitFileType = wrapper.cfbundle; includeInIndex = 0; path = TodoListTests.xctest; sourceTree = BUILT_PRODUCTS_DIR; };
		B6DC37382A55206800C94F3D /* TodoListTests.swift */ = {isa = PBXFileReference; lastKnownFileType = sourcecode.swift; path = TodoListTests.swift; sourceTree = "<group>"; };
		B6DC373E2A55206800C94F3D /* TodoListUITests.xctest */ = {isa = PBXFileReference; explicitFileType = wrapper.cfbundle; includeInIndex = 0; path = TodoListUITests.xctest; sourceTree = BUILT_PRODUCTS_DIR; };
		B6DC37422A55206800C94F3D /* TodoListUITests.swift */ = {isa = PBXFileReference; lastKnownFileType = sourcecode.swift; path = TodoListUITests.swift; sourceTree = "<group>"; };
		B6DC37442A55206800C94F3D /* TodoListUITestsLaunchTests.swift */ = {isa = PBXFileReference; lastKnownFileType = sourcecode.swift; path = TodoListUITestsLaunchTests.swift; sourceTree = "<group>"; };
/* End PBXFileReference section */

/* Begin PBXFrameworksBuildPhase section */
		B6DC37212A55206600C94F3D /* Frameworks */ = {
			isa = PBXFrameworksBuildPhase;
			buildActionMask = 2147483647;
			files = (
				B6CF584E2A554FDF002D2331 /* FirebaseAuth in Frameworks */,
				B6CF58502A554FDF002D2331 /* FirebaseFirestore in Frameworks */,
				B6CF58522A554FDF002D2331 /* FirebaseFirestoreSwift in Frameworks */,
			);
			runOnlyForDeploymentPostprocessing = 0;
		};
		B6DC37312A55206800C94F3D /* Frameworks */ = {
			isa = PBXFrameworksBuildPhase;
			buildActionMask = 2147483647;
			files = (
			);
			runOnlyForDeploymentPostprocessing = 0;
		};
		B6DC373B2A55206800C94F3D /* Frameworks */ = {
			isa = PBXFrameworksBuildPhase;
			buildActionMask = 2147483647;
			files = (
			);
			runOnlyForDeploymentPostprocessing = 0;
		};
/* End PBXFrameworksBuildPhase section */

/* Begin PBXGroup section */
		B6CF58552A5554DD002D2331 /* Views */ = {
			isa = PBXGroup;
			children = (
				B6DC37292A55206700C94F3D /* MainView.swift */,
				B6CF58592A55567F002D2331 /* ProfileView.swift */,
				B6CF585B2A555697002D2331 /* ToDoListItemView.swift */,
				B6CF58632A55584A002D2331 /* ToDoListView.swift */,
				B6CF585D2A5556B8002D2331 /* NewItemView.swift */,
				B6CF585F2A55574C002D2331 /* LoginView.swift */,
				B6CF58612A555763002D2331 /* RegisterView.swift */,
				B6CF58772A555F6C002D2331 /* HeaderView.swift */,
				B6CF58792A556DFC002D2331 /* TLButton.swift */,
			);
			path = Views;
			sourceTree = "<group>";
		};
		B6CF58562A55556C002D2331 /* ViewModels */ = {
			isa = PBXGroup;
			children = (
				B6CF58692A555897002D2331 /* MainViewViewModel.swift */,
				B6CF586B2A5558A5002D2331 /* ProfileViewViewModel.swift */,
				B6CF586D2A5558BC002D2331 /* ToDoListItemViewViewModel.swift */,
				B6CF586F2A5558D0002D2331 /* NewItemViewViewModel.swift */,
				B6CF58712A555964002D2331 /* LoginViewViewModel.swift */,
				B6CF58732A55596F002D2331 /* RegisterViewViewModel.swift */,
				B6CF58752A55597D002D2331 /* ToDoListViewViewModel.swift */,
			);
			path = ViewModels;
			sourceTree = "<group>";
		};
		B6CF58572A55557F002D2331 /* Models */ = {
			isa = PBXGroup;
			children = (
				B6CF58652A55586E002D2331 /* User.swift */,
				B6CF58672A55587C002D2331 /* ToDoListItem.swift */,
			);
			path = Models;
			sourceTree = "<group>";
		};
		B6CF58582A555594002D2331 /* Other */ = {
			isa = PBXGroup;
			children = (
				B6CF58532A55530E002D2331 /* GoogleService-Info.plist */,
				B6DC37272A55206700C94F3D /* TodoListApp.swift */,
				B6DC372B2A55206800C94F3D /* Assets.xcassets */,
				B6CF587D2A569F7C002D2331 /* Extensions.swift */,
				B66C36822A5AA33A00262CCF /* Launch Screen.storyboard */,
			);
			path = Other;
			sourceTree = "<group>";
		};
		B6DC371B2A55206600C94F3D = {
			isa = PBXGroup;
			children = (
				B6DC37262A55206700C94F3D /* TodoList */,
				B6DC37372A55206800C94F3D /* TodoListTests */,
				B6DC37412A55206800C94F3D /* TodoListUITests */,
				B6DC37252A55206600C94F3D /* Products */,
			);
			sourceTree = "<group>";
		};
		B6DC37252A55206600C94F3D /* Products */ = {
			isa = PBXGroup;
			children = (
				B6DC37242A55206600C94F3D /* TodoList.app */,
				B6DC37342A55206800C94F3D /* TodoListTests.xctest */,
				B6DC373E2A55206800C94F3D /* TodoListUITests.xctest */,
			);
			name = Products;
			sourceTree = "<group>";
		};
		B6DC37262A55206700C94F3D /* TodoList */ = {
			isa = PBXGroup;
			children = (
				B6CF58582A555594002D2331 /* Other */,
				B6CF58572A55557F002D2331 /* Models */,
				B6CF58562A55556C002D2331 /* ViewModels */,
				B6CF58552A5554DD002D2331 /* Views */,
				B6DC372D2A55206800C94F3D /* Preview Content */,
			);
			path = TodoList;
			sourceTree = "<group>";
		};
		B6DC372D2A55206800C94F3D /* Preview Content */ = {
			isa = PBXGroup;
			children = (
				B6DC372E2A55206800C94F3D /* Preview Assets.xcassets */,
			);
			path = "Preview Content";
			sourceTree = "<group>";
		};
		B6DC37372A55206800C94F3D /* TodoListTests */ = {
			isa = PBXGroup;
			children = (
				B6DC37382A55206800C94F3D /* TodoListTests.swift */,
			);
			path = TodoListTests;
			sourceTree = "<group>";
		};
		B6DC37412A55206800C94F3D /* TodoListUITests */ = {
			isa = PBXGroup;
			children = (
				B6DC37422A55206800C94F3D /* TodoListUITests.swift */,
				B6DC37442A55206800C94F3D /* TodoListUITestsLaunchTests.swift */,
			);
			path = TodoListUITests;
			sourceTree = "<group>";
		};
/* End PBXGroup section */

/* Begin PBXNativeTarget section */
		B6DC37232A55206600C94F3D /* TodoList */ = {
			isa = PBXNativeTarget;
			buildConfigurationList = B6DC37482A55206800C94F3D /* Build configuration list for PBXNativeTarget "TodoList" */;
			buildPhases = (
				B6DC37202A55206600C94F3D /* Sources */,
				B6DC37212A55206600C94F3D /* Frameworks */,
				B6DC37222A55206600C94F3D /* Resources */,
			);
			buildRules = (
			);
			dependencies = (
			);
			name = TodoList;
			packageProductDependencies = (
				B6CF584D2A554FDF002D2331 /* FirebaseAuth */,
				B6CF584F2A554FDF002D2331 /* FirebaseFirestore */,
				B6CF58512A554FDF002D2331 /* FirebaseFirestoreSwift */,
			);
			productName = TodoList;
			productReference = B6DC37242A55206600C94F3D /* TodoList.app */;
			productType = "com.apple.product-type.application";
		};
		B6DC37332A55206800C94F3D /* TodoListTests */ = {
			isa = PBXNativeTarget;
			buildConfigurationList = B6DC374B2A55206800C94F3D /* Build configuration list for PBXNativeTarget "TodoListTests" */;
			buildPhases = (
				B6DC37302A55206800C94F3D /* Sources */,
				B6DC37312A55206800C94F3D /* Frameworks */,
				B6DC37322A55206800C94F3D /* Resources */,
			);
			buildRules = (
			);
			dependencies = (
				B6DC37362A55206800C94F3D /* PBXTargetDependency */,
			);
			name = TodoListTests;
			productName = TodoListTests;
			productReference = B6DC37342A55206800C94F3D /* TodoListTests.xctest */;
			productType = "com.apple.product-type.bundle.unit-test";
		};
		B6DC373D2A55206800C94F3D /* TodoListUITests */ = {
			isa = PBXNativeTarget;
			buildConfigurationList = B6DC374E2A55206800C94F3D /* Build configuration list for PBXNativeTarget "TodoListUITests" */;
			buildPhases = (
				B6DC373A2A55206800C94F3D /* Sources */,
				B6DC373B2A55206800C94F3D /* Frameworks */,
				B6DC373C2A55206800C94F3D /* Resources */,
			);
			buildRules = (
			);
			dependencies = (
				B6DC37402A55206800C94F3D /* PBXTargetDependency */,
			);
			name = TodoListUITests;
			productName = TodoListUITests;
			productReference = B6DC373E2A55206800C94F3D /* TodoListUITests.xctest */;
			productType = "com.apple.product-type.bundle.ui-testing";
		};
/* End PBXNativeTarget section */

/* Begin PBXProject section */
		B6DC371C2A55206600C94F3D /* Project object */ = {
			isa = PBXProject;
			attributes = {
				BuildIndependentTargetsInParallel = 1;
				LastSwiftUpdateCheck = 1430;
				LastUpgradeCheck = 1430;
				TargetAttributes = {
					B6DC37232A55206600C94F3D = {
						CreatedOnToolsVersion = 14.3.1;
					};
					B6DC37332A55206800C94F3D = {
						CreatedOnToolsVersion = 14.3.1;
						TestTargetID = B6DC37232A55206600C94F3D;
					};
					B6DC373D2A55206800C94F3D = {
						CreatedOnToolsVersion = 14.3.1;
						TestTargetID = B6DC37232A55206600C94F3D;
					};
				};
			};
			buildConfigurationList = B6DC371F2A55206600C94F3D /* Build configuration list for PBXProject "TodoList" */;
			compatibilityVersion = "Xcode 14.0";
			developmentRegion = en;
			hasScannedForEncodings = 0;
			knownRegions = (
				en,
				Base,
			);
			mainGroup = B6DC371B2A55206600C94F3D;
			packageReferences = (
				B6CF584C2A554FDE002D2331 /* XCRemoteSwiftPackageReference "firebase-ios-sdk" */,
			);
			productRefGroup = B6DC37252A55206600C94F3D /* Products */;
			projectDirPath = "";
			projectRoot = "";
			targets = (
				B6DC37232A55206600C94F3D /* TodoList */,
				B6DC37332A55206800C94F3D /* TodoListTests */,
				B6DC373D2A55206800C94F3D /* TodoListUITests */,
			);
		};
/* End PBXProject section */

/* Begin PBXResourcesBuildPhase section */
		B6DC37222A55206600C94F3D /* Resources */ = {
			isa = PBXResourcesBuildPhase;
			buildActionMask = 2147483647;
			files = (
				B6DC372F2A55206800C94F3D /* Preview Assets.xcassets in Resources */,
				B6DC372C2A55206800C94F3D /* Assets.xcassets in Resources */,
				B66C36832A5AA33A00262CCF /* Launch Screen.storyboard in Resources */,
				B6CF58542A55530F002D2331 /* GoogleService-Info.plist in Resources */,
			);
			runOnlyForDeploymentPostprocessing = 0;
		};
		B6DC37322A55206800C94F3D /* Resources */ = {
			isa = PBXResourcesBuildPhase;
			buildActionMask = 2147483647;
			files = (
			);
			runOnlyForDeploymentPostprocessing = 0;
		};
		B6DC373C2A55206800C94F3D /* Resources */ = {
			isa = PBXResourcesBuildPhase;
			buildActionMask = 2147483647;
			files = (
			);
			runOnlyForDeploymentPostprocessing = 0;
		};
/* End PBXResourcesBuildPhase section */

/* Begin PBXSourcesBuildPhase section */
		B6DC37202A55206600C94F3D /* Sources */ = {
			isa = PBXSourcesBuildPhase;
			buildActionMask = 2147483647;
			files = (
				B6CF58602A55574C002D2331 /* LoginView.swift in Sources */,
				B6CF58782A555F6C002D2331 /* HeaderView.swift in Sources */,
				B6DC372A2A55206700C94F3D /* MainView.swift in Sources */,
				B6CF58742A55596F002D2331 /* RegisterViewViewModel.swift in Sources */,
				B6CF586A2A555897002D2331 /* MainViewViewModel.swift in Sources */,
				B6CF58642A55584A002D2331 /* ToDoListView.swift in Sources */,
				B6CF585C2A555697002D2331 /* ToDoListItemView.swift in Sources */,
				B6CF587A2A556DFC002D2331 /* TLButton.swift in Sources */,
				B6CF586C2A5558A5002D2331 /* ProfileViewViewModel.swift in Sources */,
				B6CF58622A555763002D2331 /* RegisterView.swift in Sources */,
				B6CF58662A55586E002D2331 /* User.swift in Sources */,
				B6CF585A2A555680002D2331 /* ProfileView.swift in Sources */,
				B6CF586E2A5558BC002D2331 /* ToDoListItemViewViewModel.swift in Sources */,
				B6CF58722A555964002D2331 /* LoginViewViewModel.swift in Sources */,
				B6CF58762A55597D002D2331 /* ToDoListViewViewModel.swift in Sources */,
				B6CF587E2A569F7C002D2331 /* Extensions.swift in Sources */,
				B6DC37282A55206700C94F3D /* TodoListApp.swift in Sources */,
				B6CF58682A55587C002D2331 /* ToDoListItem.swift in Sources */,
				B6CF585E2A5556B8002D2331 /* NewItemView.swift in Sources */,
				B6CF58702A5558D0002D2331 /* NewItemViewViewModel.swift in Sources */,
			);
			runOnlyForDeploymentPostprocessing = 0;
		};
		B6DC37302A55206800C94F3D /* Sources */ = {
			isa = PBXSourcesBuildPhase;
			buildActionMask = 2147483647;
			files = (
				B6DC37392A55206800C94F3D /* TodoListTests.swift in Sources */,
			);
			runOnlyForDeploymentPostprocessing = 0;
		};
		B6DC373A2A55206800C94F3D /* Sources */ = {
			isa = PBXSourcesBuildPhase;
			buildActionMask = 2147483647;
			files = (
				B6DC37452A55206800C94F3D /* TodoListUITestsLaunchTests.swift in Sources */,
				B6DC37432A55206800C94F3D /* TodoListUITests.swift in Sources */,
			);
			runOnlyForDeploymentPostprocessing = 0;
		};
/* End PBXSourcesBuildPhase section */

/* Begin PBXTargetDependency section */
		B6DC37362A55206800C94F3D /* PBXTargetDependency */ = {
			isa = PBXTargetDependency;
			target = B6DC37232A55206600C94F3D /* TodoList */;
			targetProxy = B6DC37352A55206800C94F3D /* PBXContainerItemProxy */;
		};
		B6DC37402A55206800C94F3D /* PBXTargetDependency */ = {
			isa = PBXTargetDependency;
			target = B6DC37232A55206600C94F3D /* TodoList */;
			targetProxy = B6DC373F2A55206800C94F3D /* PBXContainerItemProxy */;
		};
/* End PBXTargetDependency section */

/* Begin XCBuildConfiguration section */
		B6DC37462A55206800C94F3D /* Debug */ = {
			isa = XCBuildConfiguration;
			buildSettings = {
				ALWAYS_SEARCH_USER_PATHS = NO;
				CLANG_ANALYZER_NONNULL = YES;
				CLANG_ANALYZER_NUMBER_OBJECT_CONVERSION = YES_AGGRESSIVE;
				CLANG_CXX_LANGUAGE_STANDARD = "gnu++20";
				CLANG_ENABLE_MODULES = YES;
				CLANG_ENABLE_OBJC_ARC = YES;
				CLANG_ENABLE_OBJC_WEAK = YES;
				CLANG_WARN_BLOCK_CAPTURE_AUTORELEASING = YES;
				CLANG_WARN_BOOL_CONVERSION = YES;
				CLANG_WARN_COMMA = YES;
				CLANG_WARN_CONSTANT_CONVERSION = YES;
				CLANG_WARN_DEPRECATED_OBJC_IMPLEMENTATIONS = YES;
				CLANG_WARN_DIRECT_OBJC_ISA_USAGE = YES_ERROR;
				CLANG_WARN_DOCUMENTATION_COMMENTS = YES;
				CLANG_WARN_EMPTY_BODY = YES;
				CLANG_WARN_ENUM_CONVERSION = YES;
				CLANG_WARN_INFINITE_RECURSION = YES;
				CLANG_WARN_INT_CONVERSION = YES;
				CLANG_WARN_NON_LITERAL_NULL_CONVERSION = YES;
				CLANG_WARN_OBJC_IMPLICIT_RETAIN_SELF = YES;
				CLANG_WARN_OBJC_LITERAL_CONVERSION = YES;
				CLANG_WARN_OBJC_ROOT_CLASS = YES_ERROR;
				CLANG_WARN_QUOTED_INCLUDE_IN_FRAMEWORK_HEADER = YES;
				CLANG_WARN_RANGE_LOOP_ANALYSIS = YES;
				CLANG_WARN_STRICT_PROTOTYPES = YES;
				CLANG_WARN_SUSPICIOUS_MOVE = YES;
				CLANG_WARN_UNGUARDED_AVAILABILITY = YES_AGGRESSIVE;
				CLANG_WARN_UNREACHABLE_CODE = YES;
				CLANG_WARN__DUPLICATE_METHOD_MATCH = YES;
				COPY_PHASE_STRIP = NO;
				DEBUG_INFORMATION_FORMAT = dwarf;
				ENABLE_STRICT_OBJC_MSGSEND = YES;
				ENABLE_TESTABILITY = YES;
				GCC_C_LANGUAGE_STANDARD = gnu11;
				GCC_DYNAMIC_NO_PIC = NO;
				GCC_NO_COMMON_BLOCKS = YES;
				GCC_OPTIMIZATION_LEVEL = 0;
				GCC_PREPROCESSOR_DEFINITIONS = (
					"DEBUG=1",
					"$(inherited)",
				);
				GCC_WARN_64_TO_32_BIT_CONVERSION = YES;
				GCC_WARN_ABOUT_RETURN_TYPE = YES_ERROR;
				GCC_WARN_UNDECLARED_SELECTOR = YES;
				GCC_WARN_UNINITIALIZED_AUTOS = YES_AGGRESSIVE;
				GCC_WARN_UNUSED_FUNCTION = YES;
				GCC_WARN_UNUSED_VARIABLE = YES;
				IPHONEOS_DEPLOYMENT_TARGET = 16.4;
				MTL_ENABLE_DEBUG_INFO = INCLUDE_SOURCE;
				MTL_FAST_MATH = YES;
				ONLY_ACTIVE_ARCH = YES;
				SDKROOT = iphoneos;
				SWIFT_ACTIVE_COMPILATION_CONDITIONS = DEBUG;
				SWIFT_OPTIMIZATION_LEVEL = "-Onone";
			};
			name = Debug;
		};
		B6DC37472A55206800C94F3D /* Release */ = {
			isa = XCBuildConfiguration;
			buildSettings = {
				ALWAYS_SEARCH_USER_PATHS = NO;
				CLANG_ANALYZER_NONNULL = YES;
				CLANG_ANALYZER_NUMBER_OBJECT_CONVERSION = YES_AGGRESSIVE;
				CLANG_CXX_LANGUAGE_STANDARD = "gnu++20";
				CLANG_ENABLE_MODULES = YES;
				CLANG_ENABLE_OBJC_ARC = YES;
				CLANG_ENABLE_OBJC_WEAK = YES;
				CLANG_WARN_BLOCK_CAPTURE_AUTORELEASING = YES;
				CLANG_WARN_BOOL_CONVERSION = YES;
				CLANG_WARN_COMMA = YES;
				CLANG_WARN_CONSTANT_CONVERSION = YES;
				CLANG_WARN_DEPRECATED_OBJC_IMPLEMENTATIONS = YES;
				CLANG_WARN_DIRECT_OBJC_ISA_USAGE = YES_ERROR;
				CLANG_WARN_DOCUMENTATION_COMMENTS = YES;
				CLANG_WARN_EMPTY_BODY = YES;
				CLANG_WARN_ENUM_CONVERSION = YES;
				CLANG_WARN_INFINITE_RECURSION = YES;
				CLANG_WARN_INT_CONVERSION = YES;
				CLANG_WARN_NON_LITERAL_NULL_CONVERSION = YES;
				CLANG_WARN_OBJC_IMPLICIT_RETAIN_SELF = YES;
				CLANG_WARN_OBJC_LITERAL_CONVERSION = YES;
				CLANG_WARN_OBJC_ROOT_CLASS = YES_ERROR;
				CLANG_WARN_QUOTED_INCLUDE_IN_FRAMEWORK_HEADER = YES;
				CLANG_WARN_RANGE_LOOP_ANALYSIS = YES;
				CLANG_WARN_STRICT_PROTOTYPES = YES;
				CLANG_WARN_SUSPICIOUS_MOVE = YES;
				CLANG_WARN_UNGUARDED_AVAILABILITY = YES_AGGRESSIVE;
				CLANG_WARN_UNREACHABLE_CODE = YES;
				CLANG_WARN__DUPLICATE_METHOD_MATCH = YES;
				COPY_PHASE_STRIP = NO;
				DEBUG_INFORMATION_FORMAT = "dwarf-with-dsym";
				ENABLE_NS_ASSERTIONS = NO;
				ENABLE_STRICT_OBJC_MSGSEND = YES;
				GCC_C_LANGUAGE_STANDARD = gnu11;
				GCC_NO_COMMON_BLOCKS = YES;
				GCC_WARN_64_TO_32_BIT_CONVERSION = YES;
				GCC_WARN_ABOUT_RETURN_TYPE = YES_ERROR;
				GCC_WARN_UNDECLARED_SELECTOR = YES;
				GCC_WARN_UNINITIALIZED_AUTOS = YES_AGGRESSIVE;
				GCC_WARN_UNUSED_FUNCTION = YES;
				GCC_WARN_UNUSED_VARIABLE = YES;
				IPHONEOS_DEPLOYMENT_TARGET = 16.4;
				MTL_ENABLE_DEBUG_INFO = NO;
				MTL_FAST_MATH = YES;
				SDKROOT = iphoneos;
				SWIFT_COMPILATION_MODE = wholemodule;
				SWIFT_OPTIMIZATION_LEVEL = "-O";
				VALIDATE_PRODUCT = YES;
			};
			name = Release;
		};
		B6DC37492A55206800C94F3D /* Debug */ = {
			isa = XCBuildConfiguration;
			buildSettings = {
				ASSETCATALOG_COMPILER_APPICON_NAME = AppIcon;
				ASSETCATALOG_COMPILER_GLOBAL_ACCENT_COLOR_NAME = AccentColor;
				CODE_SIGN_STYLE = Automatic;
				CURRENT_PROJECT_VERSION = 1;
				DEVELOPMENT_ASSET_PATHS = "\"TodoList/Preview Content\"";
				DEVELOPMENT_TEAM = 99WHTTV3VS;
				ENABLE_PREVIEWS = YES;
				GENERATE_INFOPLIST_FILE = YES;
				INFOPLIST_KEY_CFBundleDisplayName = "To Do List";
				INFOPLIST_KEY_UIApplicationSceneManifest_Generation = YES;
				INFOPLIST_KEY_UIApplicationSupportsIndirectInputEvents = YES;
				INFOPLIST_KEY_UILaunchScreen_Generation = YES;
				INFOPLIST_KEY_UILaunchStoryboardName = "Launch Screen.storyboard";
				INFOPLIST_KEY_UISupportedInterfaceOrientations = UIInterfaceOrientationPortrait;
				LD_RUNPATH_SEARCH_PATHS = (
					"$(inherited)",
					"@executable_path/Frameworks",
				);
				MARKETING_VERSION = 1.0;
				PRODUCT_BUNDLE_IDENTIFIER = kongsun.TodoList;
				PRODUCT_NAME = "$(TARGET_NAME)";
				SWIFT_EMIT_LOC_STRINGS = YES;
				SWIFT_VERSION = 5.0;
				TARGETED_DEVICE_FAMILY = "1,2";
			};
			name = Debug;
		};
		B6DC374A2A55206800C94F3D /* Release */ = {
			isa = XCBuildConfiguration;
			buildSettings = {
				ASSETCATALOG_COMPILER_APPICON_NAME = AppIcon;
				ASSETCATALOG_COMPILER_GLOBAL_ACCENT_COLOR_NAME = AccentColor;
				CODE_SIGN_STYLE = Automatic;
				CURRENT_PROJECT_VERSION = 1;
				DEVELOPMENT_ASSET_PATHS = "\"TodoList/Preview Content\"";
				DEVELOPMENT_TEAM = 99WHTTV3VS;
				ENABLE_PREVIEWS = YES;
				GENERATE_INFOPLIST_FILE = YES;
				INFOPLIST_KEY_CFBundleDisplayName = "To Do List";
				INFOPLIST_KEY_UIApplicationSceneManifest_Generation = YES;
				INFOPLIST_KEY_UIApplicationSupportsIndirectInputEvents = YES;
				INFOPLIST_KEY_UILaunchScreen_Generation = YES;
				INFOPLIST_KEY_UILaunchStoryboardName = "Launch Screen.storyboard";
				INFOPLIST_KEY_UISupportedInterfaceOrientations = UIInterfaceOrientationPortrait;
				LD_RUNPATH_SEARCH_PATHS = (
					"$(inherited)",
					"@executable_path/Frameworks",
				);
				MARKETING_VERSION = 1.0;
				PRODUCT_BUNDLE_IDENTIFIER = kongsun.TodoList;
				PRODUCT_NAME = "$(TARGET_NAME)";
				SWIFT_EMIT_LOC_STRINGS = YES;
				SWIFT_VERSION = 5.0;
				TARGETED_DEVICE_FAMILY = "1,2";
			};
			name = Release;
		};
		B6DC374C2A55206800C94F3D /* Debug */ = {
			isa = XCBuildConfiguration;
			buildSettings = {
				ALWAYS_EMBED_SWIFT_STANDARD_LIBRARIES = YES;
				BUNDLE_LOADER = "$(TEST_HOST)";
				CODE_SIGN_STYLE = Automatic;
				CURRENT_PROJECT_VERSION = 1;
				DEVELOPMENT_TEAM = 99WHTTV3VS;
				GENERATE_INFOPLIST_FILE = YES;
				IPHONEOS_DEPLOYMENT_TARGET = 16.4;
				MARKETING_VERSION = 1.0;
				PRODUCT_BUNDLE_IDENTIFIER = kongsun.TodoListTests;
				PRODUCT_NAME = "$(TARGET_NAME)";
				SWIFT_EMIT_LOC_STRINGS = NO;
				SWIFT_VERSION = 5.0;
				TARGETED_DEVICE_FAMILY = "1,2";
				TEST_HOST = "$(BUILT_PRODUCTS_DIR)/TodoList.app/$(BUNDLE_EXECUTABLE_FOLDER_PATH)/TodoList";
			};
			name = Debug;
		};
		B6DC374D2A55206800C94F3D /* Release */ = {
			isa = XCBuildConfiguration;
			buildSettings = {
				ALWAYS_EMBED_SWIFT_STANDARD_LIBRARIES = YES;
				BUNDLE_LOADER = "$(TEST_HOST)";
				CODE_SIGN_STYLE = Automatic;
				CURRENT_PROJECT_VERSION = 1;
				DEVELOPMENT_TEAM = 99WHTTV3VS;
				GENERATE_INFOPLIST_FILE = YES;
				IPHONEOS_DEPLOYMENT_TARGET = 16.4;
				MARKETING_VERSION = 1.0;
				PRODUCT_BUNDLE_IDENTIFIER = kongsun.TodoListTests;
				PRODUCT_NAME = "$(TARGET_NAME)";
				SWIFT_EMIT_LOC_STRINGS = NO;
				SWIFT_VERSION = 5.0;
				TARGETED_DEVICE_FAMILY = "1,2";
				TEST_HOST = "$(BUILT_PRODUCTS_DIR)/TodoList.app/$(BUNDLE_EXECUTABLE_FOLDER_PATH)/TodoList";
			};
			name = Release;
		};
		B6DC374F2A55206800C94F3D /* Debug */ = {
			isa = XCBuildConfiguration;
			buildSettings = {
				ALWAYS_EMBED_SWIFT_STANDARD_LIBRARIES = YES;
				CODE_SIGN_STYLE = Automatic;
				CURRENT_PROJECT_VERSION = 1;
				DEVELOPMENT_TEAM = 99WHTTV3VS;
				GENERATE_INFOPLIST_FILE = YES;
				MARKETING_VERSION = 1.0;
				PRODUCT_BUNDLE_IDENTIFIER = kongsun.TodoListUITests;
				PRODUCT_NAME = "$(TARGET_NAME)";
				SWIFT_EMIT_LOC_STRINGS = NO;
				SWIFT_VERSION = 5.0;
				TARGETED_DEVICE_FAMILY = "1,2";
				TEST_TARGET_NAME = TodoList;
			};
			name = Debug;
		};
		B6DC37502A55206800C94F3D /* Release */ = {
			isa = XCBuildConfiguration;
			buildSettings = {
				ALWAYS_EMBED_SWIFT_STANDARD_LIBRARIES = YES;
				CODE_SIGN_STYLE = Automatic;
				CURRENT_PROJECT_VERSION = 1;
				DEVELOPMENT_TEAM = 99WHTTV3VS;
				GENERATE_INFOPLIST_FILE = YES;
				MARKETING_VERSION = 1.0;
				PRODUCT_BUNDLE_IDENTIFIER = kongsun.TodoListUITests;
				PRODUCT_NAME = "$(TARGET_NAME)";
				SWIFT_EMIT_LOC_STRINGS = NO;
				SWIFT_VERSION = 5.0;
				TARGETED_DEVICE_FAMILY = "1,2";
				TEST_TARGET_NAME = TodoList;
			};
			name = Release;
		};
/* End XCBuildConfiguration section */

/* Begin XCConfigurationList section */
		B6DC371F2A55206600C94F3D /* Build configuration list for PBXProject "TodoList" */ = {
			isa = XCConfigurationList;
			buildConfigurations = (
				B6DC37462A55206800C94F3D /* Debug */,
				B6DC37472A55206800C94F3D /* Release */,
			);
			defaultConfigurationIsVisible = 0;
			defaultConfigurationName = Release;
		};
		B6DC37482A55206800C94F3D /* Build configuration list for PBXNativeTarget "TodoList" */ = {
			isa = XCConfigurationList;
			buildConfigurations = (
				B6DC37492A55206800C94F3D /* Debug */,
				B6DC374A2A55206800C94F3D /* Release */,
			);
			defaultConfigurationIsVisible = 0;
			defaultConfigurationName = Release;
		};
		B6DC374B2A55206800C94F3D /* Build configuration list for PBXNativeTarget "TodoListTests" */ = {
			isa = XCConfigurationList;
			buildConfigurations = (
				B6DC374C2A55206800C94F3D /* Debug */,
				B6DC374D2A55206800C94F3D /* Release */,
			);
			defaultConfigurationIsVisible = 0;
			defaultConfigurationName = Release;
		};
		B6DC374E2A55206800C94F3D /* Build configuration list for PBXNativeTarget "TodoListUITests" */ = {
			isa = XCConfigurationList;
			buildConfigurations = (
				B6DC374F2A55206800C94F3D /* Debug */,
				B6DC37502A55206800C94F3D /* Release */,
			);
			defaultConfigurationIsVisible = 0;
			defaultConfigurationName = Release;
		};
/* End XCConfigurationList section */

/* Begin XCRemoteSwiftPackageReference section */
		B6CF584C2A554FDE002D2331 /* XCRemoteSwiftPackageReference "firebase-ios-sdk" */ = {
			isa = XCRemoteSwiftPackageReference;
			repositoryURL = "https://github.com/firebase/firebase-ios-sdk";
			requirement = {
				kind = upToNextMajorVersion;
				minimumVersion = 10.0.0;
			};
		};
/* End XCRemoteSwiftPackageReference section */

/* Begin XCSwiftPackageProductDependency section */
		B6CF584D2A554FDF002D2331 /* FirebaseAuth */ = {
			isa = XCSwiftPackageProductDependency;
			package = B6CF584C2A554FDE002D2331 /* XCRemoteSwiftPackageReference "firebase-ios-sdk" */;
			productName = FirebaseAuth;
		};
		B6CF584F2A554FDF002D2331 /* FirebaseFirestore */ = {
			isa = XCSwiftPackageProductDependency;
			package = B6CF584C2A554FDE002D2331 /* XCRemoteSwiftPackageReference "firebase-ios-sdk" */;
			productName = FirebaseFirestore;
		};
		B6CF58512A554FDF002D2331 /* FirebaseFirestoreSwift */ = {
			isa = XCSwiftPackageProductDependency;
			package = B6CF584C2A554FDE002D2331 /* XCRemoteSwiftPackageReference "firebase-ios-sdk" */;
			productName = FirebaseFirestoreSwift;
		};
/* End XCSwiftPackageProductDependency section */
	};
	rootObject = B6DC371C2A55206600C94F3D /* Project object */;
}
